<Project xmlns="http://schemas.microsoft.com/developer/msbuild/2003">
    <PropertyGroup>
        <ProjectGuid>{E581B3D8-2D61-4928-A4EF-3B76FE382E09}</ProjectGuid>
        <ProjectVersion>20.1</ProjectVersion>
        <FrameworkType>VCL</FrameworkType>
        <MainSource>JDPMCylinderFitProject.dpr</MainSource>
        <Base>True</Base>
        <Config Condition="'$(Config)'==''">Debug</Config>
        <Platform Condition="'$(Platform)'==''">Win32</Platform>
        <TargetedPlatforms>1</TargetedPlatforms>
        <AppType>Application</AppType>
        <ProjectName Condition="'$(ProjectName)'==''">JDPMCylinderFitProject</ProjectName>
    </PropertyGroup>
    <PropertyGroup Condition="'$(Config)'=='Base' or '$(Base)'!=''">
        <Base>true</Base>
    </PropertyGroup>
    <PropertyGroup Condition="('$(Platform)'=='Win32' and '$(Base)'=='true') or '$(Base_Win32)'!=''">
        <Base_Win32>true</Base_Win32>
        <CfgParent>Base</CfgParent>
        <Base>true</Base>
    </PropertyGroup>
    <PropertyGroup Condition="('$(Platform)'=='Win64' and '$(Base)'=='true') or '$(Base_Win64)'!=''">
        <Base_Win64>true</Base_Win64>
        <CfgParent>Base</CfgParent>
        <Base>true</Base>
    </PropertyGroup>
    <PropertyGroup Condition="'$(Config)'=='Debug' or '$(Cfg_1)'!=''">
        <Cfg_1>true</Cfg_1>
        <CfgParent>Base</CfgParent>
        <Base>true</Base>
    </PropertyGroup>
    <PropertyGroup Condition="('$(Platform)'=='Win32' and '$(Cfg_1)'=='true') or '$(Cfg_1_Win32)'!=''">
        <Cfg_1_Win32>true</Cfg_1_Win32>
        <CfgParent>Cfg_1</CfgParent>
        <Cfg_1>true</Cfg_1>
        <Base>true</Base>
    </PropertyGroup>
    <PropertyGroup Condition="'$(Config)'=='Release' or '$(Cfg_2)'!=''">
        <Cfg_2>true</Cfg_2>
        <CfgParent>Base</CfgParent>
        <Base>true</Base>
    </PropertyGroup>
    <PropertyGroup Condition="'$(Base)'!=''">
        <DCC_Namespace>System;Xml;Data;Datasnap;Web;Soap;Vcl;Vcl.Imaging;Vcl.Touch;Vcl.Samples;Vcl.Shell;$(DCC_Namespace)</DCC_Namespace>
        <Icon_MainIcon>$(BDS)\bin\delphi_PROJECTICON.ico</Icon_MainIcon>
        <DCC_UsePackage>fmx;IndySystem;DBXInterBaseDriver;DbxCommonDriver;dbxcds;CustomIPTransport;dsnap;fmxase;IndyCore;inetdbxpress;IPIndyImpl;bindcompfmx;rtl;dbrtl;DbxClientDriver;bindcomp;inetdb;xmlrtl;ibxpress;IndyProtocols;DBXMySQLDriver;soaprtl;bindengine;inet;fmxobj;fmxdae;dbexpress;$(DCC_UsePackage)</DCC_UsePackage>
        <DCC_DcuOutput>.\$(Platform)\$(Config)</DCC_DcuOutput>
        <DCC_ExeOutput>.\$(Platform)\$(Config)</DCC_ExeOutput>
        <SanitizedProjectName>JDPMCylinderFitProject</SanitizedProjectName>
    </PropertyGroup>
    <PropertyGroup Condition="'$(Base_Win32)'!=''">
        <Manifest_File>$(BDS)\bin\default_app.manifest</Manifest_File>
        <VerInfo_Locale>1033</VerInfo_Locale>
        <VerInfo_IncludeVerInfo>true</VerInfo_IncludeVerInfo>
        <DCC_UsePackage>EurekaLogCore;attEnhancedEdits_dXE2;JvGlobus;JvMM;cxLibraryRS16;JvManagedThreads;dxCoreRS16;cxExportRS16;gtRichVwExpD16;asgxlsdXE2;gtAceExpD16;gtQRExpD16;ZylTimerPack;GmPrintSuite_XE2;JvDlgs;JvCrypt;TeeDB;dxDBXServerModeRS16;EWDraw_15936;clinetsuite_xe2;NexusDB450ll160;Rave100VCL;vclib;inetdbbde;WinReboot_DXE2;JamShellDelphiXE2;acntDelphiXE2_R;JvNet;NexusDB450se160;JvDotNetCtrls;RotateImagePackageXE2;vclimg;pkg_windowsmediaplayer;fmi;asgdXE2;SpaceNavigator;JvXPCtrls;gtAdvGridExpD16;vcldb;dxADOServerModeRS16;vcldsnap;FAROPackageXE2;FAROconnectPointPackageXE2;attTubeView;TMSCryptoPkgDEDXE2;NexusDB450sr160;Intraweb_120_160;JvCore;vclribbon;frxe16;gtXPressExpD16;NexusDB450pv160;vcl;DCPdelphiXE2;CloudService;CodeSiteExpressPkg;FmxTeeUI;cxDataRS16;TMSSmoothControlsPackPkgDXE2;gtDocEngD16;JvAppFrm;JvDB;JvRuntimeDesign;webdsnap;NexusDB450sd160;NexusDB450sq160;NexusDB450db160;JLAqua_dXE2;JclDeveloperTools;gtRaveExpD16;JvDocking;adortl;rtcSDK_DBA;gtRBExpD16;JvWizards;cxVerticalGridRS16;gtHtmVwExpD16;madBasic_;vacommPkgDXE2;JvHMI;MsgConnectD16;attBinaryFiles;NexusDB450lg160;JvBands;vcldbx;VACommpkgDEDXE2;gtFRExpD16;frx16;attProgressMeterPkg;OverbyteIcsDXe2Run;Tee;JclContainers;JvCmp;madDisAsm_;JvSystem;svnui;attGateway;JvControls;JvTimeFramework;Tled_DXE2;intrawebdb_120_160;frxDB16;SynEdit_RXE2;Galil;fs16;vclactnband;FMXTee;TeeUI;attSockets;bindcompvcl;JvStdCtrls;JvCustom;Jcl;vclie;TMSCommon;JvJans;JvPrintPreview;attHaspComp;rtcSDK;vcltouch;madExcept_;dxServerModeRS16;websnap;cxEditorsRS16;dxmdsRS16;VclSmp;fsDB16;dsnapcon;attCommandParser;dxThemeRS16;JclVcl;JvPascalInterpreter;TMSSmoothControlsPackPkgDEDXE2;vclx;gtScaleRichVwExpD16;TMSCryptoPkgDXE2;svn;bdertl;NLREG_XE2;dxGDIPlusRS16;BlendFill_xe2;JvBDE;$(DCC_UsePackage)</DCC_UsePackage>
        <VerInfo_Keys>CompanyName=;FileVersion=1.0.0.0;InternalName=;LegalCopyright=;LegalTrademarks=;OriginalFilename=;ProductVersion=1.0.0.0;Comments=;ProgramID=com.embarcadero.$(MSBuildProjectName);FileDescription=$(MSBuildProjectName);ProductName=$(MSBuildProjectName)</VerInfo_Keys>
        <DCC_Namespace>Winapi;System.Win;Data.Win;Datasnap.Win;Web.Win;Soap.Win;Xml.Win;Bde;$(DCC_Namespace)</DCC_Namespace>
        <UWP_DelphiLogo44>$(BDS)\bin\Artwork\Windows\UWP\delphi_UwpDefault_44.png</UWP_DelphiLogo44>
        <UWP_DelphiLogo150>$(BDS)\bin\Artwork\Windows\UWP\delphi_UwpDefault_150.png</UWP_DelphiLogo150>
    </PropertyGroup>
    <PropertyGroup Condition="'$(Base_Win64)'!=''">
        <DCC_UsePackage>cxLibraryRS16;dxCoreRS16;cxExportRS16;TeeDB;dxDBXServerModeRS16;NexusDB450ll160;vclib;acntDelphiXE2_R;NexusDB450se160;vclimg;vcldb;dxADOServerModeRS16;vcldsnap;NexusDB450sr160;NexusDB450pv160;vcl;cxDataRS16;webdsnap;NexusDB450sd160;NexusDB450sq160;NexusDB450db160;adortl;cxVerticalGridRS16;NexusDB450lg160;Tee;SynEdit_RXE2;vclactnband;TeeUI;bindcompvcl;vclie;vcltouch;dxServerModeRS16;websnap;cxEditorsRS16;dxmdsRS16;VclSmp;dsnapcon;dxThemeRS16;vclx;TMSCryptoPkgDXE2;dxGDIPlusRS16;$(DCC_UsePackage)</DCC_UsePackage>
        <UWP_DelphiLogo44>$(BDS)\bin\Artwork\Windows\UWP\delphi_UwpDefault_44.png</UWP_DelphiLogo44>
        <UWP_DelphiLogo150>$(BDS)\bin\Artwork\Windows\UWP\delphi_UwpDefault_150.png</UWP_DelphiLogo150>
    </PropertyGroup>
    <PropertyGroup Condition="'$(Cfg_1)'!=''">
        <DCC_Define>DEBUG;$(DCC_Define)</DCC_Define>
        <DCC_Optimize>false</DCC_Optimize>
        <DCC_GenerateStackFrames>true</DCC_GenerateStackFrames>
        <DCC_DebugInfoInExe>true</DCC_DebugInfoInExe>
        <DCC_RemoteDebug>true</DCC_RemoteDebug>
    </PropertyGroup>
    <PropertyGroup Condition="'$(Cfg_1_Win32)'!=''">
        <DCC_RemoteDebug>false</DCC_RemoteDebug>
        <BT_BuildType>Debug</BT_BuildType>
    </PropertyGroup>
    <PropertyGroup Condition="'$(Cfg_2)'!=''">
        <DCC_LocalDebugSymbols>false</DCC_LocalDebugSymbols>
        <DCC_Define>RELEASE;$(DCC_Define)</DCC_Define>
        <DCC_SymbolReferenceInfo>0</DCC_SymbolReferenceInfo>
        <DCC_DebugInformation>0</DCC_DebugInformation>
    </PropertyGroup>
    <ItemGroup>
        <DelphiCompile Include="$(MainSource)">
            <MainSource>MainSource</MainSource>
        </DelphiCompile>
        <DCCReference Include="FormJDPMCylinderFit.pas">
            <Form>Form_JDPMCylinderFit</Form>
            <FormType>dfm</FormType>
        </DCCReference>
        <DCCReference Include="Services\PCAService.pas"/>
        <DCCReference Include="Services\PCAProjectionService.pas"/>
        <DCCReference Include="Services\CircleFitService.pas"/>
        <DCCReference Include="Services\PCAMultiPlaneIterationService.pas"/>
        <DCCReference Include="Services\InterceptService.pas"/>
        <DCCReference Include="Services\CylinderLengthService.pas"/>
        <DCCReference Include="Utils\ReadDataUtils.pas"/>
        <BuildConfiguration Include="Base">
            <Key>Base</Key>
        </BuildConfiguration>
        <BuildConfiguration Include="Debug">
            <Key>Cfg_1</Key>
            <CfgParent>Base</CfgParent>
        </BuildConfiguration>
        <BuildConfiguration Include="Release">
            <Key>Cfg_2</Key>
            <CfgParent>Base</CfgParent>
        </BuildConfiguration>
    </ItemGroup>
    <ProjectExtensions>
        <Borland.Personality>Delphi.Personality.12</Borland.Personality>
        <Borland.ProjectType/>
        <BorlandProject>
            <Delphi.Personality>
                <Source>
                    <Source Name="MainSource">JDPMCylinderFitProject.dpr</Source>
                </Source>
                <VersionInfo>
                    <VersionInfo Name="IncludeVerInfo">False</VersionInfo>
                    <VersionInfo Name="AutoIncBuild">False</VersionInfo>
                    <VersionInfo Name="MajorVer">1</VersionInfo>
                    <VersionInfo Name="MinorVer">0</VersionInfo>
                    <VersionInfo Name="Release">0</VersionInfo>
                    <VersionInfo Name="Build">0</VersionInfo>
                    <VersionInfo Name="Debug">False</VersionInfo>
                    <VersionInfo Name="PreRelease">False</VersionInfo>
                    <VersionInfo Name="Special">False</VersionInfo>
                    <VersionInfo Name="Private">False</VersionInfo>
                    <VersionInfo Name="DLL">False</VersionInfo>
                    <VersionInfo Name="Locale">1033</VersionInfo>
                    <VersionInfo Name="CodePage">1252</VersionInfo>
                </VersionInfo>
                <VersionInfoKeys>
                    <VersionInfoKeys Name="CompanyName"/>
                    <VersionInfoKeys Name="FileDescription"/>
                    <VersionInfoKeys Name="FileVersion">1.0.0.0</VersionInfoKeys>
                    <VersionInfoKeys Name="InternalName"/>
                    <VersionInfoKeys Name="LegalCopyright"/>
                    <VersionInfoKeys Name="LegalTrademarks"/>
                    <VersionInfoKeys Name="OriginalFilename"/>
                    <VersionInfoKeys Name="ProductName"/>
                    <VersionInfoKeys Name="ProductVersion">1.0.0.0</VersionInfoKeys>
                    <VersionInfoKeys Name="Comments"/>
                </VersionInfoKeys>
                <Excluded_Packages>
                    <Excluded_Packages Name="C:\Users\Public\Documents\RAD Studio\9.0\Bpl\EWDRaw_v15979.bpl">File C:\Users\Public\Documents\RAD Studio\9.0\Bpl\EWDRaw_v15979.bpl not found</Excluded_Packages>
                    <Excluded_Packages Name="C:\Users\Public\Documents\RAD Studio\9.0\Bpl\JvControlsDesign160.bpl">JVCL Visual Controls</Excluded_Packages>
                    <Excluded_Packages Name="C:\Users\Public\Documents\RAD Studio\9.0\Bpl\JvDlgsDesign160.bpl">JVCL Dialog Components</Excluded_Packages>
                    <Excluded_Packages Name="C:\Users\Public\Documents\RAD Studio\9.0\Bpl\JvPageCompsDesign160.bpl">JVCL Page Style Components</Excluded_Packages>
                    <Excluded_Packages Name="C:\Users\Public\Documents\RAD Studio\9.0\Bpl\JvPluginSystemDesign160.bpl">JVCL Plugin Components</Excluded_Packages>
                    <Excluded_Packages Name="C:\Users\Public\Documents\RAD Studio\9.0\Bpl\JvStdCtrlsDesign160.bpl">JVCL Standard Controls</Excluded_Packages>
                    <Excluded_Packages Name="$(BDSBIN)\dcloffice2k160.bpl">Microsoft Office 2000 Sample Automation Server Wrapper Components</Excluded_Packages>
                    <Excluded_Packages Name="$(BDSBIN)\dclofficexp160.bpl">Microsoft Office XP Sample Automation Server Wrapper Components</Excluded_Packages>
                </Excluded_Packages>
            </Delphi.Personality>
            <Deployment Version="4"/>
            <Platforms>
                <Platform value="Win32">True</Platform>
                <Platform value="Win64">False</Platform>
            </Platforms>
        </BorlandProject>
        <ProjectFileVersion>12</ProjectFileVersion>
    </ProjectExtensions>
    <Import Condition="Exists('$(BDS)\Bin\CodeGear.Delphi.Targets')" Project="$(BDS)\Bin\CodeGear.Delphi.Targets"/>
    <Import Condition="Exists('$(APPDATA)\Embarcadero\$(BDSAPPDATABASEDIR)\$(PRODUCTVERSION)\UserTools.proj')" Project="$(APPDATA)\Embarcadero\$(BDSAPPDATABASEDIR)\$(PRODUCTVERSION)\UserTools.proj"/>
    <Import Project="$(MSBuildProjectName).deployproj" Condition="Exists('$(MSBuildProjectName).deployproj')"/>
</Project>
